
Microsoft Visual Studio Solution File, Format Version 12.00
# Visual Studio Version 17
VisualStudioVersion = 17.7.34031.279
MinimumVisualStudioVersion = 10.0.40219.1
Project("{FAE04EC0-301F-11D3-BF4B-00C04F79EFBC}") = "problema01_lab11", "problema01_lab11.csproj", "{4BB6AFBF-33E2-4B3D-8E6F-B42003E1ECB7}"
EndProject
Global
	GlobalSection(SolutionConfigurationPlatforms) = preSolution
		Debug|Any CPU = Debug|Any CPU
		Release|Any CPU = Release|Any CPU
	EndGlobalSection
	GlobalSection(ProjectConfigurationPlatforms) = postSolution
		{4BB6AFBF-33E2-4B3D-8E6F-B42003E1ECB7}.Debug|Any CPU.ActiveCfg = Debug|Any CPU
		{4BB6AFBF-33E2-4B3D-8E6F-B42003E1ECB7}.Debug|Any CPU.Build.0 = Debug|Any CPU
		{4BB6AFBF-33E2-4B3D-8E6F-B42003E1ECB7}.Release|Any CPU.ActiveCfg = Release|Any CPU
		{4BB6AFBF-33E2-4B3D-8E6F-B42003E1ECB7}.Release|Any CPU.Build.0 = Release|Any CPU
	EndGlobalSection
	GlobalSection(SolutionProperties) = preSolution
		HideSolutionNode = FALSE
	EndGlobalSection
	GlobalSection(ExtensibilityGlobals) = postSolution
		SolutionGuid = {97135186-843D-49BC-81C0-1C704079A8D4}
	EndGlobalSection
EndGlobal
